Microsoft Visual Studio Solution File, Format Version 12.00
# Visual Studio 2012
Project("{8BC9CEB8-8B4A-11D0-8D11-00A0C91BC942}") = "Test", "Test\Test.vcxproj", "{8D3EF13D-A5DD-471C-856C-D47EC1B5E5E8}"
EndProject
Project("{8BC9CEB8-8B4A-11D0-8D11-00A0C91BC942}") = "Server", "Server\Server.vcxproj", "{CEFC8EDA-DEA8-4AC8-AFA8-17DDB3564F06}"
EndProject
Project("{8BC9CEB8-8B4A-11D0-8D11-00A0C91BC942}") = "TLibTool", "TLibTool\TLibTool.vcxproj", "{DDE6B8F6-C18D-40D7-9C3F-02DCA394E347}"
EndProject
Global
	GlobalSection(SolutionConfigurationPlatforms) = preSolution
		Debug|Win32 = Debug|Win32
		Debug|x64 = Debug|x64
		Release|Win32 = Release|Win32
		Release|x64 = Release|x64
	EndGlobalSection
	GlobalSection(ProjectConfigurationPlatforms) = postSolution
		{8D3EF13D-A5DD-471C-856C-D47EC1B5E5E8}.Debug|Win32.ActiveCfg = Debug|Win32
		{8D3EF13D-A5DD-471C-856C-D47EC1B5E5E8}.Debug|Win32.Build.0 = Debug|Win32
		{8D3EF13D-A5DD-471C-856C-D47EC1B5E5E8}.Debug|x64.ActiveCfg = Debug|x64
		{8D3EF13D-A5DD-471C-856C-D47EC1B5E5E8}.Debug|x64.Build.0 = Debug|x64
		{8D3EF13D-A5DD-471C-856C-D47EC1B5E5E8}.Release|Win32.ActiveCfg = Release|Win32
		{8D3EF13D-A5DD-471C-856C-D47EC1B5E5E8}.Release|Win32.Build.0 = Release|Win32
		{8D3EF13D-A5DD-471C-856C-D47EC1B5E5E8}.Release|x64.ActiveCfg = Release|x64
		{8D3EF13D-A5DD-471C-856C-D47EC1B5E5E8}.Release|x64.Build.0 = Release|x64
		{CEFC8EDA-DEA8-4AC8-AFA8-17DDB3564F06}.Debug|Win32.ActiveCfg = Debug|Win32
		{CEFC8EDA-DEA8-4AC8-AFA8-17DDB3564F06}.Debug|Win32.Build.0 = Debug|Win32
		{CEFC8EDA-DEA8-4AC8-AFA8-17DDB3564F06}.Debug|x64.ActiveCfg = Debug|x64
		{CEFC8EDA-DEA8-4AC8-AFA8-17DDB3564F06}.Debug|x64.Build.0 = Debug|x64
		{CEFC8EDA-DEA8-4AC8-AFA8-17DDB3564F06}.Release|Win32.ActiveCfg = Release|Win32
		{CEFC8EDA-DEA8-4AC8-AFA8-17DDB3564F06}.Release|Win32.Build.0 = Release|Win32
		{CEFC8EDA-DEA8-4AC8-AFA8-17DDB3564F06}.Release|x64.ActiveCfg = Release|x64
		{CEFC8EDA-DEA8-4AC8-AFA8-17DDB3564F06}.Release|x64.Build.0 = Release|x64
		{DDE6B8F6-C18D-40D7-9C3F-02DCA394E347}.Debug|Win32.ActiveCfg = Debug|Win32
		{DDE6B8F6-C18D-40D7-9C3F-02DCA394E347}.Debug|Win32.Build.0 = Debug|Win32
		{DDE6B8F6-C18D-40D7-9C3F-02DCA394E347}.Debug|x64.ActiveCfg = Debug|x64
		{DDE6B8F6-C18D-40D7-9C3F-02DCA394E347}.Debug|x64.Build.0 = Debug|x64
		{DDE6B8F6-C18D-40D7-9C3F-02DCA394E347}.Release|Win32.ActiveCfg = Release|Win32
		{DDE6B8F6-C18D-40D7-9C3F-02DCA394E347}.Release|Win32.Build.0 = Release|Win32
		{DDE6B8F6-C18D-40D7-9C3F-02DCA394E347}.Release|x64.ActiveCfg = Release|x64
		{DDE6B8F6-C18D-40D7-9C3F-02DCA394E347}.Release|x64.Build.0 = Release|x64
	EndGlobalSection
	GlobalSection(SolutionProperties) = preSolution
		HideSolutionNode = FALSE
	EndGlobalSection
EndGlobal
